
Microsoft Visual Studio Solution File, Format Version 12.00
# Visual Studio Version 16
VisualStudioVersion = 16.0.31005.135
MinimumVisualStudioVersion = 10.0.40219.1
Project("{FAE04EC0-301F-11D3-BF4B-00C04F79EFBC}") = "gerenciamento-usuario", "gerenciamento-usuario\gerenciamento-usuario.csproj", "{F04A02FC-AC24-4741-91B1-FD82A8194BC4}"
EndProject
Global
	GlobalSection(SolutionConfigurationPlatforms) = preSolution
		Debug|Any CPU = Debug|Any CPU
		Release|Any CPU = Release|Any CPU
	EndGlobalSection
	GlobalSection(ProjectConfigurationPlatforms) = postSolution
		{F04A02FC-AC24-4741-91B1-FD82A8194BC4}.Debug|Any CPU.ActiveCfg = Debug|Any CPU
		{F04A02FC-AC24-4741-91B1-FD82A8194BC4}.Debug|Any CPU.Build.0 = Debug|Any CPU
		{F04A02FC-AC24-4741-91B1-FD82A8194BC4}.Release|Any CPU.ActiveCfg = Release|Any CPU
		{F04A02FC-AC24-4741-91B1-FD82A8194BC4}.Release|Any CPU.Build.0 = Release|Any CPU
	EndGlobalSection
	GlobalSection(SolutionProperties) = preSolution
		HideSolutionNode = FALSE
	EndGlobalSection
	GlobalSection(ExtensibilityGlobals) = postSolution
		SolutionGuid = {1631F5AA-7129-4994-8A61-59488FEE89E2}
	EndGlobalSection
EndGlobal
